schema: '2.0'
stages:
  select_and_export:
    cmd: python src/data/export_data.py
    deps:
    - path: data
      md5: 1d850eb0bf57dcccac08e7c504a47520.dir
      size: 96477855929
      nfiles: 17396
    - path: src/data
      md5: e8627c3ca1ddcf2079b9b71cf4d64f72.dir
      size: 60634
      nfiles: 12
    outs:
    - path: prepared_data
      md5: debc332c3ffa8dca49599ad76e7f7972.dir
      size: 56064942199
      nfiles: 22129
  train:
    cmd: python src/model/yolov5/train.py --weights /usr/src/basemodels/yolov5s6.pt
      --data prepared_data/dataset.yaml --hyp models/params/hyp.yaml --epochs 100
      --batch-size 64 --imgsz 1024 --device 0 --project models --name results --cache
    deps:
    - path: prepared_data
      md5: debc332c3ffa8dca49599ad76e7f7972.dir
      size: 56064942199
      nfiles: 22129
    - path: src/model
      md5: 17ee0a2b3973bc7b52be22ba78dde88f.dir
      size: 1520689
      nfiles: 126
    params:
      models/params/hyp.yaml:
        anchor_t: 4.0
        box: 0.05
        cls: 0.3
        cls_pw: 1.0
        copy_paste: 0.0
        degrees: 3.0
        fl_gamma: 0.0
        fliplr: 0.5
        flipud: 0.0
        hsv_h: 0.0
        hsv_s: 0.0
        hsv_v: 0.25
        iou_t: 0.2
        lr0: 0.01
        lrf: 0.2
        mixup: 0.2
        momentum: 0.937
        mosaic: 1.0
        obj: 0.7
        obj_pw: 1.0
        perspective: 0.0
        scale: 0.5
        shear: 3.0
        translate: 0.1
        warmup_bias_lr: 0.1
        warmup_epochs: 3.0
        warmup_momentum: 0.8
        weight_decay: 0.0005
    outs:
    - path: models/results
      md5: dbbbda234869866fea630c4b32a85497.dir
      size: 57071721
      nfiles: 23
